// !$*UTF8*$!
{
	archiveVersion = 1;
	classes = {
	};
	objectVersion = 46;
	objects = {

/* Begin PBXBuildFile section */
		ECF6FC451C86F43F00D92A14 /* main.m in Sources */ = {isa = PBXBuildFile; fileRef = ECF6FC441C86F43F00D92A14 /* main.m */; };
		ECF6FC481C86F43F00D92A14 /* AttributorAppDelegate.m in Sources */ = {isa = PBXBuildFile; fileRef = ECF6FC471C86F43F00D92A14 /* AttributorAppDelegate.m */; };
		ECF6FC4B1C86F43F00D92A14 /* AttributorViewController.m in Sources */ = {isa = PBXBuildFile; fileRef = ECF6FC4A1C86F43F00D92A14 /* AttributorViewController.m */; };
		ECF6FC4E1C86F44000D92A14 /* Main.storyboard in Resources */ = {isa = PBXBuildFile; fileRef = ECF6FC4C1C86F44000D92A14 /* Main.storyboard */; };
		ECF6FC501C86F44000D92A14 /* Images.xcassets in Resources */ = {isa = PBXBuildFile; fileRef = ECF6FC4F1C86F44000D92A14 /* Images.xcassets */; };
		ECF6FC531C86F44000D92A14 /* LaunchScreen.xib in Resources */ = {isa = PBXBuildFile; fileRef = ECF6FC511C86F44000D92A14 /* LaunchScreen.xib */; };
		ECF6FC5F1C86F44000D92A14 /* AttributorTests.m in Sources */ = {isa = PBXBuildFile; fileRef = ECF6FC5E1C86F44000D92A14 /* AttributorTests.m */; };
/* End PBXBuildFile section */

/* Begin PBXContainerItemProxy section */
		ECF6FC591C86F44000D92A14 /* PBXContainerItemProxy */ = {
			isa = PBXContainerItemProxy;
			containerPortal = ECF6FC371C86F43F00D92A14 /* Project object */;
			proxyType = 1;
			remoteGlobalIDString = ECF6FC3E1C86F43F00D92A14;
			remoteInfo = Attributor;
		};
/* End PBXContainerItemProxy section */

/* Begin PBXFileReference section */
		ECF6FC3F1C86F43F00D92A14 /* Attributor.app */ = {isa = PBXFileReference; explicitFileType = wrapper.application; includeInIndex = 0; path = Attributor.app; sourceTree = BUILT_PRODUCTS_DIR; };
		ECF6FC431C86F43F00D92A14 /* Info.plist */ = {isa = PBXFileReference; lastKnownFileType = text.plist.xml; path = Info.plist; sourceTree = "<group>"; };
		ECF6FC441C86F43F00D92A14 /* main.m */ = {isa = PBXFileReference; lastKnownFileType = sourcecode.c.objc; path = main.m; sourceTree = "<group>"; };
		ECF6FC461C86F43F00D92A14 /* AttributorAppDelegate.h */ = {isa = PBXFileReference; lastKnownFileType = sourcecode.c.h; path = AttributorAppDelegate.h; sourceTree = "<group>"; };
		ECF6FC471C86F43F00D92A14 /* AttributorAppDelegate.m */ = {isa = PBXFileReference; lastKnownFileType = sourcecode.c.objc; path = AttributorAppDelegate.m; sourceTree = "<group>"; };
		ECF6FC491C86F43F00D92A14 /* AttributorViewController.h */ = {isa = PBXFileReference; lastKnownFileType = sourcecode.c.h; path = AttributorViewController.h; sourceTree = "<group>"; };
		ECF6FC4A1C86F43F00D92A14 /* AttributorViewController.m */ = {isa = PBXFileReference; lastKnownFileType = sourcecode.c.objc; path = AttributorViewController.m; sourceTree = "<group>"; };
		ECF6FC4D1C86F44000D92A14 /* Base */ = {isa = PBXFileReference; lastKnownFileType = file.storyboard; name = Base; path = Base.lproj/Main.storyboard; sourceTree = "<group>"; };
		ECF6FC4F1C86F44000D92A14 /* Images.xcassets */ = {isa = PBXFileReference; lastKnownFileType = folder.assetcatalog; path = Images.xcassets; sourceTree = "<group>"; };
		ECF6FC521C86F44000D92A14 /* Base */ = {isa = PBXFileReference; lastKnownFileType = file.xib; name = Base; path = Base.lproj/LaunchScreen.xib; sourceTree = "<group>"; };
		ECF6FC581C86F44000D92A14 /* AttributorTests.xctest */ = {isa = PBXFileReference; explicitFileType = wrapper.cfbundle; includeInIndex = 0; path = AttributorTests.xctest; sourceTree = BUILT_PRODUCTS_DIR; };
		ECF6FC5D1C86F44000D92A14 /* Info.plist */ = {isa = PBXFileReference; lastKnownFileType = text.plist.xml; path = Info.plist; sourceTree = "<group>"; };
		ECF6FC5E1C86F44000D92A14 /* AttributorTests.m */ = {isa = PBXFileReference; lastKnownFileType = sourcecode.c.objc; path = AttributorTests.m; sourceTree = "<group>"; };
/* End PBXFileReference section */

/* Begin PBXFrameworksBuildPhase section */
		ECF6FC3C1C86F43F00D92A14 /* Frameworks */ = {
			isa = PBXFrameworksBuildPhase;
			buildActionMask = 2147483647;
			files = (
			);
			runOnlyForDeploymentPostprocessing = 0;
		};
		ECF6FC551C86F44000D92A14 /* Frameworks */ = {
			isa = PBXFrameworksBuildPhase;
			buildActionMask = 2147483647;
			files = (
			);
			runOnlyForDeploymentPostprocessing = 0;
		};
/* End PBXFrameworksBuildPhase section */

/* Begin PBXGroup section */
		ECF6FC361C86F43F00D92A14 = {
			isa = PBXGroup;
			children = (
				ECF6FC411C86F43F00D92A14 /* Attributor */,
				ECF6FC5B1C86F44000D92A14 /* AttributorTests */,
				ECF6FC401C86F43F00D92A14 /* Products */,
			);
			sourceTree = "<group>";
		};
		ECF6FC401C86F43F00D92A14 /* Products */ = {
			isa = PBXGroup;
			children = (
				ECF6FC3F1C86F43F00D92A14 /* Attributor.app */,
				ECF6FC581C86F44000D92A14 /* AttributorTests.xctest */,
			);
			name = Products;
			sourceTree = "<group>";
		};
		ECF6FC411C86F43F00D92A14 /* Attributor */ = {
			isa = PBXGroup;
			children = (
				ECF6FC461C86F43F00D92A14 /* AttributorAppDelegate.h */,
				ECF6FC471C86F43F00D92A14 /* AttributorAppDelegate.m */,
				ECF6FC491C86F43F00D92A14 /* AttributorViewController.h */,
				ECF6FC4A1C86F43F00D92A14 /* AttributorViewController.m */,
				ECF6FC4C1C86F44000D92A14 /* Main.storyboard */,
				ECF6FC4F1C86F44000D92A14 /* Images.xcassets */,
				ECF6FC511C86F44000D92A14 /* LaunchScreen.xib */,
				ECF6FC421C86F43F00D92A14 /* Supporting Files */,
			);
			path = Attributor;
			sourceTree = "<group>";
		};
		ECF6FC421C86F43F00D92A14 /* Supporting Files */ = {
			isa = PBXGroup;
			children = (
				ECF6FC431C86F43F00D92A14 /* Info.plist */,
				ECF6FC441C86F43F00D92A14 /* main.m */,
			);
			name = "Supporting Files";
			sourceTree = "<group>";
		};
		ECF6FC5B1C86F44000D92A14 /* AttributorTests */ = {
			isa = PBXGroup;
			children = (
				ECF6FC5E1C86F44000D92A14 /* AttributorTests.m */,
				ECF6FC5C1C86F44000D92A14 /* Supporting Files */,
			);
			path = AttributorTests;
			sourceTree = "<group>";
		};
		ECF6FC5C1C86F44000D92A14 /* Supporting Files */ = {
			isa = PBXGroup;
			children = (
				ECF6FC5D1C86F44000D92A14 /* Info.plist */,
			);
			name = "Supporting Files";
			sourceTree = "<group>";
		};
/* End PBXGroup section */

/* Begin PBXNativeTarget section */
		ECF6FC3E1C86F43F00D92A14 /* Attributor */ = {
			isa = PBXNativeTarget;
			buildConfigurationList = ECF6FC621C86F44000D92A14 /* Build configuration list for PBXNativeTarget "Attributor" */;
			buildPhases = (
				ECF6FC3B1C86F43F00D92A14 /* Sources */,
				ECF6FC3C1C86F43F00D92A14 /* Frameworks */,
				ECF6FC3D1C86F43F00D92A14 /* Resources */,
			);
			buildRules = (
			);
			dependencies = (
			);
			name = Attributor;
			productName = Attributor;
			productReference = ECF6FC3F1C86F43F00D92A14 /* Attributor.app */;
			productType = "com.apple.product-type.application";
		};
		ECF6FC571C86F44000D92A14 /* AttributorTests */ = {
			isa = PBXNativeTarget;
			buildConfigurationList = ECF6FC651C86F44000D92A14 /* Build configuration list for PBXNativeTarget "AttributorTests" */;
			buildPhases = (
				ECF6FC541C86F44000D92A14 /* Sources */,
				ECF6FC551C86F44000D92A14 /* Frameworks */,
				ECF6FC561C86F44000D92A14 /* Resources */,
			);
			buildRules = (
			);
			dependencies = (
				ECF6FC5A1C86F44000D92A14 /* PBXTargetDependency */,
			);
			name = AttributorTests;
			productName = AttributorTests;
			productReference = ECF6FC581C86F44000D92A14 /* AttributorTests.xctest */;
			productType = "com.apple.product-type.bundle.unit-test";
		};
/* End PBXNativeTarget section */

/* Begin PBXProject section */
		ECF6FC371C86F43F00D92A14 /* Project object */ = {
			isa = PBXProject;
			attributes = {
				LastUpgradeCheck = 0610;
				ORGANIZATIONNAME = noorg;
				TargetAttributes = {
					ECF6FC3E1C86F43F00D92A14 = {
						CreatedOnToolsVersion = 6.1.1;
					};
					ECF6FC571C86F44000D92A14 = {
						CreatedOnToolsVersion = 6.1.1;
						TestTargetID = ECF6FC3E1C86F43F00D92A14;
					};
				};
			};
			buildConfigurationList = ECF6FC3A1C86F43F00D92A14 /* Build configuration list for PBXProject "Attributor" */;
			compatibilityVersion = "Xcode 3.2";
			developmentRegion = English;
			hasScannedForEncodings = 0;
			knownRegions = (
				en,
				Base,
			);
			mainGroup = ECF6FC361C86F43F00D92A14;
			productRefGroup = ECF6FC401C86F43F00D92A14 /* Products */;
			projectDirPath = "";
			projectRoot = "";
			targets = (
				ECF6FC3E1C86F43F00D92A14 /* Attributor */,
				ECF6FC571C86F44000D92A14 /* AttributorTests */,
			);
		};
/* End PBXProject section */

/* Begin PBXResourcesBuildPhase section */
		ECF6FC3D1C86F43F00D92A14 /* Resources */ = {
			isa = PBXResourcesBuildPhase;
			buildActionMask = 2147483647;
			files = (
				ECF6FC4E1C86F44000D92A14 /* Main.storyboard in Resources */,
				ECF6FC531C86F44000D92A14 /* LaunchScreen.xib in Resources */,
				ECF6FC501C86F44000D92A14 /* Images.xcassets in Resources */,
			);
			runOnlyForDeploymentPostprocessing = 0;
		};
		ECF6FC561C86F44000D92A14 /* Resources */ = {
			isa = PBXResourcesBuildPhase;
			buildActionMask = 2147483647;
			files = (
			);
			runOnlyForDeploymentPostprocessing = 0;
		};
/* End PBXResourcesBuildPhase section */

/* Begin PBXSourcesBuildPhase section */
		ECF6FC3B1C86F43F00D92A14 /* Sources */ = {
			isa = PBXSourcesBuildPhase;
			buildActionMask = 2147483647;
			files = (
				ECF6FC4B1C86F43F00D92A14 /* AttributorViewController.m in Sources */,
				ECF6FC481C86F43F00D92A14 /* AttributorAppDelegate.m in Sources */,
				ECF6FC451C86F43F00D92A14 /* main.m in Sources */,
			);
			runOnlyForDeploymentPostprocessing = 0;
		};
		ECF6FC541C86F44000D92A14 /* Sources */ = {
			isa = PBXSourcesBuildPhase;
			buildActionMask = 2147483647;
			files = (
				ECF6FC5F1C86F44000D92A14 /* AttributorTests.m in Sources */,
			);
			runOnlyForDeploymentPostprocessing = 0;
		};
/* End PBXSourcesBuildPhase section */

/* Begin PBXTargetDependency section */
		ECF6FC5A1C86F44000D92A14 /* PBXTargetDependency */ = {
			isa = PBXTargetDependency;
			target = ECF6FC3E1C86F43F00D92A14 /* Attributor */;
			targetProxy = ECF6FC591C86F44000D92A14 /* PBXContainerItemProxy */;
		};
/* End PBXTargetDependency section */

/* Begin PBXVariantGroup section */
		ECF6FC4C1C86F44000D92A14 /* Main.storyboard */ = {
			isa = PBXVariantGroup;
			children = (
				ECF6FC4D1C86F44000D92A14 /* Base */,
			);
			name = Main.storyboard;
			sourceTree = "<group>";
		};
		ECF6FC511C86F44000D92A14 /* LaunchScreen.xib */ = {
			isa = PBXVariantGroup;
			children = (
				ECF6FC521C86F44000D92A14 /* Base */,
			);
			name = LaunchScreen.xib;
			sourceTree = "<group>";
		};
/* End PBXVariantGroup section */

/* Begin XCBuildConfiguration section */
		ECF6FC601C86F44000D92A14 /* Debug */ = {
			isa = XCBuildConfiguration;
			buildSettings = {
				ALWAYS_SEARCH_USER_PATHS = NO;
				CLANG_CXX_LANGUAGE_STANDARD = "gnu++0x";
				CLANG_CXX_LIBRARY = "libc++";
				CLANG_ENABLE_MODULES = YES;
				CLANG_ENABLE_OBJC_ARC = YES;
				CLANG_WARN_BOOL_CONVERSION = YES;
				CLANG_WARN_CONSTANT_CONVERSION = YES;
				CLANG_WARN_DIRECT_OBJC_ISA_USAGE = YES_ERROR;
				CLANG_WARN_EMPTY_BODY = YES;
				CLANG_WARN_ENUM_CONVERSION = YES;
				CLANG_WARN_INT_CONVERSION = YES;
				CLANG_WARN_OBJC_ROOT_CLASS = YES_ERROR;
				CLANG_WARN_UNREACHABLE_CODE = YES;
				CLANG_WARN__DUPLICATE_METHOD_MATCH = YES;
				"CODE_SIGN_IDENTITY[sdk=iphoneos*]" = "iPhone Developer";
				COPY_PHASE_STRIP = NO;
				ENABLE_STRICT_OBJC_MSGSEND = YES;
				GCC_C_LANGUAGE_STANDARD = gnu99;
				GCC_DYNAMIC_NO_PIC = NO;
				GCC_OPTIMIZATION_LEVEL = 0;
				GCC_PREPROCESSOR_DEFINITIONS = (
					"DEBUG=1",
					"$(inherited)",
				);
				GCC_SYMBOLS_PRIVATE_EXTERN = NO;
				GCC_WARN_64_TO_32_BIT_CONVERSION = YES;
				GCC_WARN_ABOUT_RETURN_TYPE = YES_ERROR;
				GCC_WARN_UNDECLARED_SELECTOR = YES;
				GCC_WARN_UNINITIALIZED_AUTOS = YES_AGGRESSIVE;
				GCC_WARN_UNUSED_FUNCTION = YES;
				GCC_WARN_UNUSED_VARIABLE = YES;
				IPHONEOS_DEPLOYMENT_TARGET = 8.1;
				MTL_ENABLE_DEBUG_INFO = YES;
				ONLY_ACTIVE_ARCH = YES;
				SDKROOT = iphoneos;
			};
			name = Debug;
		};
		ECF6FC611C86F44000D92A14 /* Release */ = {
			isa = XCBuildConfiguration;
			buildSettings = {
				ALWAYS_SEARCH_USER_PATHS = NO;
				CLANG_CXX_LANGUAGE_STANDARD = "gnu++0x";
				CLANG_CXX_LIBRARY = "libc++";
				CLANG_ENABLE_MODULES = YES;
				CLANG_ENABLE_OBJC_ARC = YES;
				CLANG_WARN_BOOL_CONVERSION = YES;
				CLANG_WARN_CONSTANT_CONVERSION = YES;
				CLANG_WARN_DIRECT_OBJC_ISA_USAGE = YES_ERROR;
				CLANG_WARN_EMPTY_BODY = YES;
				CLANG_WARN_ENUM_CONVERSION = YES;
				CLANG_WARN_INT_CONVERSION = YES;
				CLANG_WARN_OBJC_ROOT_CLASS = YES_ERROR;
				CLANG_WARN_UNREACHABLE_CODE = YES;
				CLANG_WARN__DUPLICATE_METHOD_MATCH = YES;
				"CODE_SIGN_IDENTITY[sdk=iphoneos*]" = "iPhone Developer";
				COPY_PHASE_STRIP = YES;
				ENABLE_NS_ASSERTIONS = NO;
				ENABLE_STRICT_OBJC_MSGSEND = YES;
				GCC_C_LANGUAGE_STANDARD = gnu99;
				GCC_WARN_64_TO_32_BIT_CONVERSION = YES;
				GCC_WARN_ABOUT_RETURN_TYPE = YES_ERROR;
				GCC_WARN_UNDECLARED_SELECTOR = YES;
				GCC_WARN_UNINITIALIZED_AUTOS = YES_AGGRESSIVE;
				GCC_WARN_UNUSED_FUNCTION = YES;
				GCC_WARN_UNUSED_VARIABLE = YES;
				IPHONEOS_DEPLOYMENT_TARGET = 8.1;
				MTL_ENABLE_DEBUG_INFO = NO;
				SDKROOT = iphoneos;
				VALIDATE_PRODUCT = YES;
			};
			name = Release;
		};
		ECF6FC631C86F44000D92A14 /* Debug */ = {
			isa = XCBuildConfiguration;
			buildSettings = {
				ASSETCATALOG_COMPILER_APPICON_NAME = AppIcon;
				INFOPLIST_FILE = Attributor/Info.plist;
				LD_RUNPATH_SEARCH_PATHS = "$(inherited) @executable_path/Frameworks";
				PRODUCT_NAME = "$(TARGET_NAME)";
			};
			name = Debug;
		};
		ECF6FC641C86F44000D92A14 /* Release */ = {
			isa = XCBuildConfiguration;
			buildSettings = {
				ASSETCATALOG_COMPILER_APPICON_NAME = AppIcon;
				INFOPLIST_FILE = Attributor/Info.plist;
				LD_RUNPATH_SEARCH_PATHS = "$(inherited) @executable_path/Frameworks";
				PRODUCT_NAME = "$(TARGET_NAME)";
			};
			name = Release;
		};
		ECF6FC661C86F44000D92A14 /* Debug */ = {
			isa = XCBuildConfiguration;
			buildSettings = {
				BUNDLE_LOADER = "$(TEST_HOST)";
				FRAMEWORK_SEARCH_PATHS = (
					"$(SDKROOT)/Developer/Library/Frameworks",
					"$(inherited)",
				);
				GCC_PREPROCESSOR_DEFINITIONS = (
					"DEBUG=1",
					"$(inherited)",
				);
				INFOPLIST_FILE = AttributorTests/Info.plist;
				LD_RUNPATH_SEARCH_PATHS = "$(inherited) @executable_path/Frameworks @loader_path/Frameworks";
				PRODUCT_NAME = "$(TARGET_NAME)";
				TEST_HOST = "$(BUILT_PRODUCTS_DIR)/Attributor.app/Attributor";
			};
			name = Debug;
		};
		ECF6FC671C86F44000D92A14 /* Release */ = {
			isa = XCBuildConfiguration;
			buildSettings = {
				BUNDLE_LOADER = "$(TEST_HOST)";
				FRAMEWORK_SEARCH_PATHS = (
					"$(SDKROOT)/Developer/Library/Frameworks",
					"$(inherited)",
				);
				INFOPLIST_FILE = AttributorTests/Info.plist;
				LD_RUNPATH_SEARCH_PATHS = "$(inherited) @executable_path/Frameworks @loader_path/Frameworks";
				PRODUCT_NAME = "$(TARGET_NAME)";
				TEST_HOST = "$(BUILT_PRODUCTS_DIR)/Attributor.app/Attributor";
			};
			name = Release;
		};
/* End XCBuildConfiguration section */

/* Begin XCConfigurationList section */
		ECF6FC3A1C86F43F00D92A14 /* Build configuration list for PBXProject "Attributor" */ = {
			isa = XCConfigurationList;
			buildConfigurations = (
				ECF6FC601C86F44000D92A14 /* Debug */,
				ECF6FC611C86F44000D92A14 /* Release */,
			);
			defaultConfigurationIsVisible = 0;
			defaultConfigurationName = Release;
		};
		ECF6FC621C86F44000D92A14 /* Build configuration list for PBXNativeTarget "Attributor" */ = {
			isa = XCConfigurationList;
			buildConfigurations = (
				ECF6FC631C86F44000D92A14 /* Debug */,
				ECF6FC641C86F44000D92A14 /* Release */,
			);
			defaultConfigurationIsVisible = 0;
		};
		ECF6FC651C86F44000D92A14 /* Build configuration list for PBXNativeTarget "AttributorTests" */ = {
			isa = XCConfigurationList;
			buildConfigurations = (
				ECF6FC661C86F44000D92A14 /* Debug */,
				ECF6FC671C86F44000D92A14 /* Release */,
			);
			defaultConfigurationIsVisible = 0;
		};
/* End XCConfigurationList section */
	};
	rootObject = ECF6FC371C86F43F00D92A14 /* Project object */;
}
